
Microsoft Visual Studio Solution File, Format Version 12.00
# Visual Studio 15
VisualStudioVersion = 15.0.28010.2046
MinimumVisualStudioVersion = 10.0.40219.1
Project("{9A19103F-16F7-4668-BE54-9A1E7A4F7556}") = "ReceptiAPI", "ReceptiAPI\ReceptiAPI.csproj", "{02C3B08E-9E6F-4640-A5D4-B12307AE4DFA}"
EndProject
Project("{9A19103F-16F7-4668-BE54-9A1E7A4F7556}") = "ReceptiAPI.Testovi", "ReceptiAPI.Testovi\ReceptiAPI.Testovi.csproj", "{9D3195FA-5C6A-4EEB-8B22-C39BF17C10AC}"
EndProject
Global
	GlobalSection(SolutionConfigurationPlatforms) = preSolution
		Debug|Any CPU = Debug|Any CPU
		Release|Any CPU = Release|Any CPU
	EndGlobalSection
	GlobalSection(ProjectConfigurationPlatforms) = postSolution
		{02C3B08E-9E6F-4640-A5D4-B12307AE4DFA}.Debug|Any CPU.ActiveCfg = Debug|Any CPU
		{02C3B08E-9E6F-4640-A5D4-B12307AE4DFA}.Debug|Any CPU.Build.0 = Debug|Any CPU
		{02C3B08E-9E6F-4640-A5D4-B12307AE4DFA}.Release|Any CPU.ActiveCfg = Release|Any CPU
		{02C3B08E-9E6F-4640-A5D4-B12307AE4DFA}.Release|Any CPU.Build.0 = Release|Any CPU
		{9D3195FA-5C6A-4EEB-8B22-C39BF17C10AC}.Debug|Any CPU.ActiveCfg = Debug|Any CPU
		{9D3195FA-5C6A-4EEB-8B22-C39BF17C10AC}.Debug|Any CPU.Build.0 = Debug|Any CPU
		{9D3195FA-5C6A-4EEB-8B22-C39BF17C10AC}.Release|Any CPU.ActiveCfg = Release|Any CPU
		{9D3195FA-5C6A-4EEB-8B22-C39BF17C10AC}.Release|Any CPU.Build.0 = Release|Any CPU
	EndGlobalSection
	GlobalSection(SolutionProperties) = preSolution
		HideSolutionNode = FALSE
	EndGlobalSection
	GlobalSection(ExtensibilityGlobals) = postSolution
		SolutionGuid = {146619E4-25B4-49F8-A2E6-4980872057A8}
	EndGlobalSection
EndGlobal
